
Microsoft Visual Studio Solution File, Format Version 12.00
# Visual Studio 15
VisualStudioVersion = 15.0.28307.271
MinimumVisualStudioVersion = 10.0.40219.1
Project("{FAE04EC0-301F-11D3-BF4B-00C04F79EFBC}") = "CrudTest.UI", "CrudTest\CrudTest.UI.csproj", "{E9D1DE72-E12B-411A-BCA0-53BD11982601}"
EndProject
Project("{FAE04EC0-301F-11D3-BF4B-00C04F79EFBC}") = "CrudTest.TO", "CrudTest.TO\CrudTest.TO.csproj", "{65FB8408-BED3-4269-9336-CADC57F2E852}"
EndProject
Project("{FAE04EC0-301F-11D3-BF4B-00C04F79EFBC}") = "CrudTest.DAL", "CrudTest.DAL\CrudTest.DAL.csproj", "{364732A1-57E8-44AF-AB73-A77E9C22E807}"
EndProject
Project("{FAE04EC0-301F-11D3-BF4B-00C04F79EFBC}") = "CrudTest.BLL", "CrudTest.BLL\CrudTest.BLL.csproj", "{B657A407-28E8-4CE0-9C27-388805DE7B19}"
EndProject
Global
	GlobalSection(SolutionConfigurationPlatforms) = preSolution
		Debug|Any CPU = Debug|Any CPU
		Release|Any CPU = Release|Any CPU
	EndGlobalSection
	GlobalSection(ProjectConfigurationPlatforms) = postSolution
		{E9D1DE72-E12B-411A-BCA0-53BD11982601}.Debug|Any CPU.ActiveCfg = Debug|Any CPU
		{E9D1DE72-E12B-411A-BCA0-53BD11982601}.Debug|Any CPU.Build.0 = Debug|Any CPU
		{E9D1DE72-E12B-411A-BCA0-53BD11982601}.Release|Any CPU.ActiveCfg = Release|Any CPU
		{E9D1DE72-E12B-411A-BCA0-53BD11982601}.Release|Any CPU.Build.0 = Release|Any CPU
		{65FB8408-BED3-4269-9336-CADC57F2E852}.Debug|Any CPU.ActiveCfg = Debug|Any CPU
		{65FB8408-BED3-4269-9336-CADC57F2E852}.Debug|Any CPU.Build.0 = Debug|Any CPU
		{65FB8408-BED3-4269-9336-CADC57F2E852}.Release|Any CPU.ActiveCfg = Release|Any CPU
		{65FB8408-BED3-4269-9336-CADC57F2E852}.Release|Any CPU.Build.0 = Release|Any CPU
		{364732A1-57E8-44AF-AB73-A77E9C22E807}.Debug|Any CPU.ActiveCfg = Debug|Any CPU
		{364732A1-57E8-44AF-AB73-A77E9C22E807}.Debug|Any CPU.Build.0 = Debug|Any CPU
		{364732A1-57E8-44AF-AB73-A77E9C22E807}.Release|Any CPU.ActiveCfg = Release|Any CPU
		{364732A1-57E8-44AF-AB73-A77E9C22E807}.Release|Any CPU.Build.0 = Release|Any CPU
		{B657A407-28E8-4CE0-9C27-388805DE7B19}.Debug|Any CPU.ActiveCfg = Debug|Any CPU
		{B657A407-28E8-4CE0-9C27-388805DE7B19}.Debug|Any CPU.Build.0 = Debug|Any CPU
		{B657A407-28E8-4CE0-9C27-388805DE7B19}.Release|Any CPU.ActiveCfg = Release|Any CPU
		{B657A407-28E8-4CE0-9C27-388805DE7B19}.Release|Any CPU.Build.0 = Release|Any CPU
	EndGlobalSection
	GlobalSection(SolutionProperties) = preSolution
		HideSolutionNode = FALSE
	EndGlobalSection
	GlobalSection(ExtensibilityGlobals) = postSolution
		SolutionGuid = {AB4D3E68-29F1-4319-A0AA-A6DAA60F2DC8}
	EndGlobalSection
EndGlobal
